{
  "version": 4,
  "terraform_version": "0.13.4",
  "serial": 226,
  "lineage": "eaf6abd2-2d48-ab42-ee3f-9cb85058f4e2",
  "outputs": {
    "jumpbox1_public_ip": {
      "value": "vkeeee-ssh.westus.cloudapp.azure.com",
      "type": "string"
    },
    "vmss_public_ip": {
      "value": "vkeeee.westus.cloudapp.azure.com",
      "type": "string"
    }
  },
  "resources": [
    {
      "mode": "managed",
      "type": "azurerm_lb",
      "name": "vmss",
      "provider": "provider[\"registry.terraform.io/hashicorp/azurerm\"]",
      "instances": [
        {
          "schema_version": 0,
          "attributes": {
            "frontend_ip_configuration": [
              {
                "id": "/subscriptions/95e910f9-7fcb-4fb8-90a1-d81f3d52cfa9/resourceGroups/rgDev/providers/Microsoft.Network/loadBalancers/vmss-lb/frontendIPConfigurations/PublicIPAddress",
                "inbound_nat_rules": [],
                "load_balancer_rules": [],
                "name": "PublicIPAddress",
                "outbound_rules": [],
                "private_ip_address": "",
                "private_ip_address_allocation": "Dynamic",
                "private_ip_address_version": "IPv4",
                "public_ip_address_id": "/subscriptions/95e910f9-7fcb-4fb8-90a1-d81f3d52cfa9/resourceGroups/rgDev/providers/Microsoft.Network/publicIPAddresses/vmss-public-ip",
                "public_ip_prefix_id": "",
                "subnet_id": "",
                "zones": null
              }
            ],
            "id": "/subscriptions/95e910f9-7fcb-4fb8-90a1-d81f3d52cfa9/resourceGroups/rgDev/providers/Microsoft.Network/loadBalancers/vmss-lb",
            "location": "westus",
            "name": "vmss-lb",
            "private_ip_address": "",
            "private_ip_addresses": [],
            "resource_group_name": "rgDev",
            "sku": "Basic",
            "tags": {
              "environment": "dev"
            },
            "timeouts": null
          },
          "private": "eyJlMmJmYjczMC1lY2FhLTExZTYtOGY4OC0zNDM2M2JjN2M0YzAiOnsiY3JlYXRlIjoxODAwMDAwMDAwMDAwLCJkZWxldGUiOjE4MDAwMDAwMDAwMDAsInJlYWQiOjMwMDAwMDAwMDAwMCwidXBkYXRlIjoxODAwMDAwMDAwMDAwfX0=",
          "dependencies": [
            "azurerm_public_ip.vmss",
            "azurerm_resource_group.vmss",
            "random_string.fqdn"
          ]
        }
      ]
    },
    {
      "mode": "managed",
      "type": "azurerm_lb_backend_address_pool",
      "name": "bpepool",
      "provider": "provider[\"registry.terraform.io/hashicorp/azurerm\"]",
      "instances": [
        {
          "schema_version": 0,
          "attributes": {
            "backend_ip_configurations": [],
            "id": "/subscriptions/95e910f9-7fcb-4fb8-90a1-d81f3d52cfa9/resourceGroups/rgDev/providers/Microsoft.Network/loadBalancers/vmss-lb/backendAddressPools/BackEndAddressPool",
            "load_balancing_rules": [],
            "loadbalancer_id": "/subscriptions/95e910f9-7fcb-4fb8-90a1-d81f3d52cfa9/resourceGroups/rgDev/providers/Microsoft.Network/loadBalancers/vmss-lb",
            "name": "BackEndAddressPool",
            "resource_group_name": "rgDev",
            "timeouts": null
          },
          "private": "eyJlMmJmYjczMC1lY2FhLTExZTYtOGY4OC0zNDM2M2JjN2M0YzAiOnsiY3JlYXRlIjoxODAwMDAwMDAwMDAwLCJkZWxldGUiOjE4MDAwMDAwMDAwMDAsInJlYWQiOjMwMDAwMDAwMDAwMCwidXBkYXRlIjoxODAwMDAwMDAwMDAwfX0=",
          "dependencies": [
            "azurerm_lb.vmss",
            "azurerm_public_ip.vmss",
            "azurerm_resource_group.vmss",
            "random_string.fqdn"
          ]
        }
      ]
    },
    {
      "mode": "managed",
      "type": "azurerm_lb_probe",
      "name": "vmss",
      "provider": "provider[\"registry.terraform.io/hashicorp/azurerm\"]",
      "instances": [
        {
          "schema_version": 0,
          "attributes": {
            "id": "/subscriptions/95e910f9-7fcb-4fb8-90a1-d81f3d52cfa9/resourceGroups/rgDev/providers/Microsoft.Network/loadBalancers/vmss-lb/probes/ssh-running-probe",
            "interval_in_seconds": 15,
            "load_balancer_rules": [],
            "loadbalancer_id": "/subscriptions/95e910f9-7fcb-4fb8-90a1-d81f3d52cfa9/resourceGroups/rgDev/providers/Microsoft.Network/loadBalancers/vmss-lb",
            "name": "ssh-running-probe",
            "number_of_probes": 2,
            "port": 80,
            "protocol": "Tcp",
            "request_path": "",
            "resource_group_name": "rgDev",
            "timeouts": null
          },
          "private": "eyJlMmJmYjczMC1lY2FhLTExZTYtOGY4OC0zNDM2M2JjN2M0YzAiOnsiY3JlYXRlIjoxODAwMDAwMDAwMDAwLCJkZWxldGUiOjE4MDAwMDAwMDAwMDAsInJlYWQiOjMwMDAwMDAwMDAwMCwidXBkYXRlIjoxODAwMDAwMDAwMDAwfX0=",
          "dependencies": [
            "azurerm_lb.vmss",
            "azurerm_public_ip.vmss",
            "azurerm_resource_group.vmss",
            "random_string.fqdn"
          ]
        }
      ]
    },
    {
      "mode": "managed",
      "type": "azurerm_lb_rule",
      "name": "lbnatrule",
      "provider": "provider[\"registry.terraform.io/hashicorp/azurerm\"]",
      "instances": [
        {
          "schema_version": 0,
          "attributes": {
            "backend_address_pool_id": "/subscriptions/95e910f9-7fcb-4fb8-90a1-d81f3d52cfa9/resourceGroups/rgDev/providers/Microsoft.Network/loadBalancers/vmss-lb/backendAddressPools/BackEndAddressPool",
            "backend_port": 80,
            "disable_outbound_snat": false,
            "enable_floating_ip": false,
            "enable_tcp_reset": false,
            "frontend_ip_configuration_id": "/subscriptions/95e910f9-7fcb-4fb8-90a1-d81f3d52cfa9/resourceGroups/rgDev/providers/Microsoft.Network/loadBalancers/vmss-lb/frontendIPConfigurations/PublicIPAddress",
            "frontend_ip_configuration_name": "PublicIPAddress",
            "frontend_port": 80,
            "id": "/subscriptions/95e910f9-7fcb-4fb8-90a1-d81f3d52cfa9/resourceGroups/rgDev/providers/Microsoft.Network/loadBalancers/vmss-lb/loadBalancingRules/http",
            "idle_timeout_in_minutes": 4,
            "load_distribution": "Default",
            "loadbalancer_id": "/subscriptions/95e910f9-7fcb-4fb8-90a1-d81f3d52cfa9/resourceGroups/rgDev/providers/Microsoft.Network/loadBalancers/vmss-lb",
            "name": "http",
            "probe_id": "/subscriptions/95e910f9-7fcb-4fb8-90a1-d81f3d52cfa9/resourceGroups/rgDev/providers/Microsoft.Network/loadBalancers/vmss-lb/probes/ssh-running-probe",
            "protocol": "Tcp",
            "resource_group_name": "rgDev",
            "timeouts": null
          },
          "private": "eyJlMmJmYjczMC1lY2FhLTExZTYtOGY4OC0zNDM2M2JjN2M0YzAiOnsiY3JlYXRlIjoxODAwMDAwMDAwMDAwLCJkZWxldGUiOjE4MDAwMDAwMDAwMDAsInJlYWQiOjMwMDAwMDAwMDAwMCwidXBkYXRlIjoxODAwMDAwMDAwMDAwfX0=",
          "dependencies": [
            "azurerm_lb.vmss",
            "azurerm_lb_backend_address_pool.bpepool",
            "azurerm_lb_probe.vmss",
            "azurerm_public_ip.vmss",
            "azurerm_resource_group.vmss",
            "random_string.fqdn"
          ]
        }
      ]
    },
    {
      "mode": "managed",
      "type": "azurerm_network_interface",
      "name": "jumpbox1",
      "provider": "provider[\"registry.terraform.io/hashicorp/azurerm\"]",
      "instances": [
        {
          "schema_version": 0,
          "attributes": {
            "applied_dns_servers": [],
            "dns_servers": [],
            "enable_accelerated_networking": false,
            "enable_ip_forwarding": false,
            "id": "/subscriptions/95e910f9-7fcb-4fb8-90a1-d81f3d52cfa9/resourceGroups/rgDev/providers/Microsoft.Network/networkInterfaces/jumpbox1-nic",
            "internal_dns_name_label": "",
            "internal_domain_name_suffix": "qnfhlqpvo3hebax50yp3wymaed.dx.internal.cloudapp.net",
            "ip_configuration": [
              {
                "name": "IPConfiguration",
                "primary": true,
                "private_ip_address": "10.0.2.4",
                "private_ip_address_allocation": "Dynamic",
                "private_ip_address_version": "IPv4",
                "public_ip_address_id": "/subscriptions/95e910f9-7fcb-4fb8-90a1-d81f3d52cfa9/resourceGroups/rgDev/providers/Microsoft.Network/publicIPAddresses/jumpbox1-public-ip",
                "subnet_id": "/subscriptions/95e910f9-7fcb-4fb8-90a1-d81f3d52cfa9/resourceGroups/rgDev/providers/Microsoft.Network/virtualNetworks/vmss-vnet/subnets/vmss-subnet"
              }
            ],
            "location": "westus",
            "mac_address": "",
            "name": "jumpbox1-nic",
            "private_ip_address": "10.0.2.4",
            "private_ip_addresses": [
              "10.0.2.4"
            ],
            "resource_group_name": "rgDev",
            "tags": {
              "environment": "dev"
            },
            "timeouts": null,
            "virtual_machine_id": ""
          },
          "private": "eyJlMmJmYjczMC1lY2FhLTExZTYtOGY4OC0zNDM2M2JjN2M0YzAiOnsiY3JlYXRlIjoxODAwMDAwMDAwMDAwLCJkZWxldGUiOjE4MDAwMDAwMDAwMDAsInJlYWQiOjMwMDAwMDAwMDAwMCwidXBkYXRlIjoxODAwMDAwMDAwMDAwfX0=",
          "dependencies": [
            "azurerm_public_ip.jumpbox1",
            "azurerm_resource_group.vmss",
            "azurerm_subnet.vmss",
            "azurerm_virtual_network.vmss",
            "random_string.fqdn"
          ]
        }
      ]
    },
    {
      "mode": "managed",
      "type": "azurerm_public_ip",
      "name": "jumpbox1",
      "provider": "provider[\"registry.terraform.io/hashicorp/azurerm\"]",
      "instances": [
        {
          "schema_version": 0,
          "attributes": {
            "allocation_method": "Static",
            "domain_name_label": "vkeeee-ssh",
            "fqdn": "vkeeee-ssh.westus.cloudapp.azure.com",
            "id": "/subscriptions/95e910f9-7fcb-4fb8-90a1-d81f3d52cfa9/resourceGroups/rgDev/providers/Microsoft.Network/publicIPAddresses/jumpbox1-public-ip",
            "idle_timeout_in_minutes": 4,
            "ip_address": "40.78.50.193",
            "ip_version": "IPv4",
            "location": "westus",
            "name": "jumpbox1-public-ip",
            "public_ip_prefix_id": null,
            "resource_group_name": "rgDev",
            "reverse_fqdn": "",
            "sku": "Basic",
            "tags": {
              "environment": "dev"
            },
            "timeouts": null,
            "zones": null
          },
          "private": "eyJlMmJmYjczMC1lY2FhLTExZTYtOGY4OC0zNDM2M2JjN2M0YzAiOnsiY3JlYXRlIjoxODAwMDAwMDAwMDAwLCJkZWxldGUiOjE4MDAwMDAwMDAwMDAsInJlYWQiOjMwMDAwMDAwMDAwMCwidXBkYXRlIjoxODAwMDAwMDAwMDAwfX0=",
          "dependencies": [
            "azurerm_resource_group.vmss",
            "random_string.fqdn"
          ]
        }
      ]
    },
    {
      "mode": "managed",
      "type": "azurerm_public_ip",
      "name": "vmss",
      "provider": "provider[\"registry.terraform.io/hashicorp/azurerm\"]",
      "instances": [
        {
          "schema_version": 0,
          "attributes": {
            "allocation_method": "Static",
            "domain_name_label": "vkeeee",
            "fqdn": "vkeeee.westus.cloudapp.azure.com",
            "id": "/subscriptions/95e910f9-7fcb-4fb8-90a1-d81f3d52cfa9/resourceGroups/rgDev/providers/Microsoft.Network/publicIPAddresses/vmss-public-ip",
            "idle_timeout_in_minutes": 4,
            "ip_address": "40.78.55.200",
            "ip_version": "IPv4",
            "location": "westus",
            "name": "vmss-public-ip",
            "public_ip_prefix_id": null,
            "resource_group_name": "rgDev",
            "reverse_fqdn": "",
            "sku": "Basic",
            "tags": {
              "environment": "dev"
            },
            "timeouts": null,
            "zones": null
          },
          "private": "eyJlMmJmYjczMC1lY2FhLTExZTYtOGY4OC0zNDM2M2JjN2M0YzAiOnsiY3JlYXRlIjoxODAwMDAwMDAwMDAwLCJkZWxldGUiOjE4MDAwMDAwMDAwMDAsInJlYWQiOjMwMDAwMDAwMDAwMCwidXBkYXRlIjoxODAwMDAwMDAwMDAwfX0=",
          "dependencies": [
            "azurerm_resource_group.vmss",
            "random_string.fqdn"
          ]
        }
      ]
    },
    {
      "mode": "managed",
      "type": "azurerm_resource_group",
      "name": "vmss",
      "provider": "provider[\"registry.terraform.io/hashicorp/azurerm\"]",
      "instances": [
        {
          "schema_version": 0,
          "attributes": {
            "id": "/subscriptions/95e910f9-7fcb-4fb8-90a1-d81f3d52cfa9/resourceGroups/rgDev",
            "location": "westus",
            "name": "rgDev",
            "tags": {
              "environment": "dev"
            },
            "timeouts": null
          },
          "private": "eyJlMmJmYjczMC1lY2FhLTExZTYtOGY4OC0zNDM2M2JjN2M0YzAiOnsiY3JlYXRlIjo1NDAwMDAwMDAwMDAwLCJkZWxldGUiOjU0MDAwMDAwMDAwMDAsInJlYWQiOjMwMDAwMDAwMDAwMCwidXBkYXRlIjo1NDAwMDAwMDAwMDAwfX0="
        }
      ]
    },
    {
      "mode": "managed",
      "type": "azurerm_subnet",
      "name": "vmss",
      "provider": "provider[\"registry.terraform.io/hashicorp/azurerm\"]",
      "instances": [
        {
          "schema_version": 0,
          "attributes": {
            "address_prefix": "10.0.2.0/24",
            "address_prefixes": [
              "10.0.2.0/24"
            ],
            "delegation": [],
            "enforce_private_link_endpoint_network_policies": false,
            "enforce_private_link_service_network_policies": false,
            "id": "/subscriptions/95e910f9-7fcb-4fb8-90a1-d81f3d52cfa9/resourceGroups/rgDev/providers/Microsoft.Network/virtualNetworks/vmss-vnet/subnets/vmss-subnet",
            "name": "vmss-subnet",
            "resource_group_name": "rgDev",
            "service_endpoints": null,
            "timeouts": null,
            "virtual_network_name": "vmss-vnet"
          },
          "private": "eyJlMmJmYjczMC1lY2FhLTExZTYtOGY4OC0zNDM2M2JjN2M0YzAiOnsiY3JlYXRlIjoxODAwMDAwMDAwMDAwLCJkZWxldGUiOjE4MDAwMDAwMDAwMDAsInJlYWQiOjMwMDAwMDAwMDAwMCwidXBkYXRlIjoxODAwMDAwMDAwMDAwfX0=",
          "dependencies": [
            "azurerm_resource_group.vmss",
            "azurerm_virtual_network.vmss"
          ]
        }
      ]
    },
    {
      "mode": "managed",
      "type": "azurerm_virtual_machine",
      "name": "jumpbox1",
      "provider": "provider[\"registry.terraform.io/hashicorp/azurerm\"]",
      "instances": [
        {
          "schema_version": 0,
          "attributes": {
            "additional_capabilities": [],
            "availability_set_id": null,
            "boot_diagnostics": [],
            "delete_data_disks_on_termination": false,
            "delete_os_disk_on_termination": false,
            "id": "/subscriptions/95e910f9-7fcb-4fb8-90a1-d81f3d52cfa9/resourceGroups/rgDev/providers/Microsoft.Compute/virtualMachines/jumpbox1",
            "identity": [],
            "license_type": null,
            "location": "westus",
            "name": "jumpbox1",
            "network_interface_ids": [
              "/subscriptions/95e910f9-7fcb-4fb8-90a1-d81f3d52cfa9/resourceGroups/rgDev/providers/Microsoft.Network/networkInterfaces/jumpbox1-nic"
            ],
            "os_profile": [
              {
                "admin_password": "",
                "admin_username": "azureuser",
                "computer_name": "jumpbox1",
                "custom_data": ""
              }
            ],
            "os_profile_linux_config": [
              {
                "disable_password_authentication": true,
                "ssh_keys": [
                  {
                    "key_data": "ssh-rsa AAAAB3NzaC1yc2EAAAADAQABAAACAQDoGZijJQGYQXEq1WCzNvKILSx696hv9l8sxeJOFKiBjFoWd1rC8+XuEdeW61mRCgEr6OBEpNdqrdd9QXmF5nw+FZeghb/Rs+ZnurfQql4JIB+quHIbFqsseNh2eOUy9sK5Nf/uQ2zchewpzCFTBbcBOKrjstqHm/l1XO6WflE94EJMJXCYr8nONeCIEvH39Own598ZxBAyEOKLlnx227ykRjYb98WQ7GlAuP8hFDlKOOaFQGwUDraSM9hpp71KrDdSNod2qlK9R8KAIl/iMPdDMaO19Z9jnPsTOYTwRDDcsnfNTyWjPJhEBFcXDrKUhsQSRj1hYeTDg92Ktw7CLyL2F7GHU1a2H06VPWKIv7ltVmN5e9LfKMrWmMjFRJHfwVDbDzJH/AeGXmghXphfgUW+hIKPCNPP7AbaKOm/zeo7oPqMc9pAPMVTJwAi4es18DAHFD5lYV7RA/dTfMiPaHSInkp9LeAH9vbA+X7seIKoXpceJ4+1STQP9/OpukyV7a9KvGb5ktmhakcZgMxe6vSJmGVDyVC1Z3YjX+yD1AWL/uH53RvoQA1XpMPwS4+kcvxp3l0Z8Hc7OfQg+iVEVvUw10HPF4tUf/pddvKSrFtzksQoi6LTfI0mMURbncH5s5tm7aOn8U4VdGffDeNOTGO06qLfEUPIcDWeqv1er7AGeQ== Saurav_Roy@EPINPUNW002F\n",
                    "path": "/home/azureuser/.ssh/authorized_keys"
                  }
                ]
              }
            ],
            "os_profile_secrets": [],
            "os_profile_windows_config": [],
            "plan": [],
            "primary_network_interface_id": null,
            "proximity_placement_group_id": null,
            "resource_group_name": "rgDev",
            "storage_data_disk": [],
            "storage_image_reference": [
              {
                "id": "",
                "offer": "UbuntuServer",
                "publisher": "Canonical",
                "sku": "16.04-LTS",
                "version": "latest"
              }
            ],
            "storage_os_disk": [
              {
                "caching": "ReadWrite",
                "create_option": "FromImage",
                "disk_size_gb": 30,
                "image_uri": "",
                "managed_disk_id": "/subscriptions/95e910f9-7fcb-4fb8-90a1-d81f3d52cfa9/resourceGroups/rgDev/providers/Microsoft.Compute/disks/jumpbox1-osdisk",
                "managed_disk_type": "Standard_LRS",
                "name": "jumpbox1-osdisk",
                "os_type": "Linux",
                "vhd_uri": "",
                "write_accelerator_enabled": false
              }
            ],
            "tags": {
              "environment": "dev"
            },
            "timeouts": null,
            "vm_size": "Standard_DS1_v2",
            "zones": null
          },
          "private": "eyJlMmJmYjczMC1lY2FhLTExZTYtOGY4OC0zNDM2M2JjN2M0YzAiOnsiY3JlYXRlIjozNjAwMDAwMDAwMDAwLCJkZWxldGUiOjM2MDAwMDAwMDAwMDAsInJlYWQiOjMwMDAwMDAwMDAwMCwidXBkYXRlIjozNjAwMDAwMDAwMDAwfX0=",
          "dependencies": [
            "azurerm_network_interface.jumpbox1",
            "azurerm_public_ip.jumpbox1",
            "azurerm_resource_group.vmss",
            "azurerm_subnet.vmss",
            "azurerm_virtual_network.vmss",
            "random_string.fqdn"
          ]
        }
      ]
    },
    {
      "mode": "managed",
      "type": "azurerm_virtual_machine_scale_set",
      "name": "vmss",
      "provider": "provider[\"registry.terraform.io/hashicorp/azurerm\"]",
      "instances": [
        {
          "schema_version": 1,
          "attributes": {
            "automatic_os_upgrade": false,
            "boot_diagnostics": [],
            "eviction_policy": "",
            "extension": [],
            "health_probe_id": null,
            "id": "/subscriptions/95e910f9-7fcb-4fb8-90a1-d81f3d52cfa9/resourceGroups/rgDev/providers/Microsoft.Compute/virtualMachineScaleSets/vmscaleset",
            "identity": [],
            "license_type": "",
            "location": "westus",
            "name": "vmscaleset",
            "network_profile": [
              {
                "accelerated_networking": false,
                "dns_settings": [
                  {
                    "dns_servers": []
                  }
                ],
                "ip_configuration": [
                  {
                    "application_gateway_backend_address_pool_ids": [],
                    "application_security_group_ids": [],
                    "load_balancer_backend_address_pool_ids": [
                      "/subscriptions/95e910f9-7fcb-4fb8-90a1-d81f3d52cfa9/resourceGroups/rgDev/providers/Microsoft.Network/loadBalancers/vmss-lb/backendAddressPools/BackEndAddressPool"
                    ],
                    "load_balancer_inbound_nat_rules_ids": [],
                    "name": "IPConfiguration",
                    "primary": true,
                    "public_ip_address_configuration": [],
                    "subnet_id": "/subscriptions/95e910f9-7fcb-4fb8-90a1-d81f3d52cfa9/resourceGroups/rgDev/providers/Microsoft.Network/virtualNetworks/vmss-vnet/subnets/vmss-subnet"
                  }
                ],
                "ip_forwarding": false,
                "name": "terraformnetworkprofile",
                "network_security_group_id": "",
                "primary": true
              }
            ],
            "os_profile": [
              {
                "admin_password": "",
                "admin_username": "azureuser",
                "computer_name_prefix": "vmlab",
                "custom_data": "I2Nsb3VkLWNvbmZpZw0KI3BhY2thZ2VzOg0KIyAtIG5naW54DQojY2xvdWQtY29uZmlnDQpwYWNrYWdlX3VwZ3JhZGU6IHRydWUNCnBhY2thZ2VzOg0KICAtIG5naW54DQogIC0gbm9kZWpzDQogIC0gbnBtDQogIA0KDQp3cml0ZV9maWxlczoNCiAgLSBvd25lcjogd3d3LWRhdGE6d3d3LWRhdGENCiAgICBwYXRoOiAvZXRjL25naW54L3NpdGVzLWF2YWlsYWJsZS9kZWZhdWx0DQogICAgY29udGVudDogfA0KICAgICAgc2VydmVyIHsNCiAgICAgICAgbGlzdGVuIDgwOw0KICAgICAgICBsb2NhdGlvbiAvIHsNCiAgICAgICAgICBwcm94eV9wYXNzIGh0dHA6Ly9sb2NhbGhvc3Q6MzAwMDsNCiAgICAgICAgICBwcm94eV9odHRwX3ZlcnNpb24gMS4xOw0KICAgICAgICAgIHByb3h5X3NldF9oZWFkZXIgVXBncmFkZSAkaHR0cF91cGdyYWRlOw0KICAgICAgICAgIHByb3h5X3NldF9oZWFkZXIgQ29ubmVjdGlvbiBrZWVwLWFsaXZlOw0KICAgICAgICAgIHByb3h5X3NldF9oZWFkZXIgSG9zdCAkaG9zdDsNCiAgICAgICAgICBwcm94eV9jYWNoZV9ieXBhc3MgJGh0dHBfdXBncmFkZTsNCiAgICAgICAgfQ0KICAgICAgfQ0KICAtIG93bmVyOiBhenVyZXVzZXI6YXp1cmV1c2VyDQogICAgcGF0aDogL2hvbWUvYXp1cmV1c2VyL215YXBwL2luZGV4LmpzDQogICAgY29udGVudDogfA0KICAgICAgdmFyIGV4cHJlc3MgPSByZXF1aXJlKCdleHByZXNzJykNCiAgICAgIHZhciBhcHAgPSBleHByZXNzKCkNCiAgICAgIHZhciBvcyA9IHJlcXVpcmUoJ29zJyk7DQogICAgICBhcHAuZ2V0KCcvJywgZnVuY3Rpb24gKHJlcSwgcmVzKSB7DQogICAgICAgIHJlcy5zZW5kKCdIZWxsbyBXb3JsZCAnICsgb3MuaG9zdG5hbWUoKSArICchJykNCiAgICAgIH0pDQogICAgICBhcHAubGlzdGVuKDMwMDAsIGZ1bmN0aW9uICgpIHsNCiAgICAgICAgY29uc29sZS5sb2coJ0hlbGxvIHdvcmxkIGFwcCBsaXN0ZW5pbmcgb24gcG9ydCAzMDAwIScpDQogICAgICB9KQ0KcnVuY21kOg0KICAtIHNlcnZpY2UgbmdpbnggcmVzdGFydA0KICAtIGNkICIvaG9tZS9henVyZXVzZXIvbXlhcHAiDQogIC0gbnBtIGluaXQNCiAgLSBucG0gaW5zdGFsbCBleHByZXNzIC15DQogIC0gbm9kZWpzIGluZGV4LmpzDQoNCg=="
              }
            ],
            "os_profile_linux_config": [
              {
                "disable_password_authentication": true,
                "ssh_keys": [
                  {
                    "key_data": "ssh-rsa AAAAB3NzaC1yc2EAAAADAQABAAACAQDoGZijJQGYQXEq1WCzNvKILSx696hv9l8sxeJOFKiBjFoWd1rC8+XuEdeW61mRCgEr6OBEpNdqrdd9QXmF5nw+FZeghb/Rs+ZnurfQql4JIB+quHIbFqsseNh2eOUy9sK5Nf/uQ2zchewpzCFTBbcBOKrjstqHm/l1XO6WflE94EJMJXCYr8nONeCIEvH39Own598ZxBAyEOKLlnx227ykRjYb98WQ7GlAuP8hFDlKOOaFQGwUDraSM9hpp71KrDdSNod2qlK9R8KAIl/iMPdDMaO19Z9jnPsTOYTwRDDcsnfNTyWjPJhEBFcXDrKUhsQSRj1hYeTDg92Ktw7CLyL2F7GHU1a2H06VPWKIv7ltVmN5e9LfKMrWmMjFRJHfwVDbDzJH/AeGXmghXphfgUW+hIKPCNPP7AbaKOm/zeo7oPqMc9pAPMVTJwAi4es18DAHFD5lYV7RA/dTfMiPaHSInkp9LeAH9vbA+X7seIKoXpceJ4+1STQP9/OpukyV7a9KvGb5ktmhakcZgMxe6vSJmGVDyVC1Z3YjX+yD1AWL/uH53RvoQA1XpMPwS4+kcvxp3l0Z8Hc7OfQg+iVEVvUw10HPF4tUf/pddvKSrFtzksQoi6LTfI0mMURbncH5s5tm7aOn8U4VdGffDeNOTGO06qLfEUPIcDWeqv1er7AGeQ== Saurav_Roy@EPINPUNW002F\n",
                    "path": "/home/azureuser/.ssh/authorized_keys"
                  }
                ]
              }
            ],
            "os_profile_secrets": [],
            "os_profile_windows_config": [],
            "overprovision": true,
            "plan": [],
            "priority": "",
            "proximity_placement_group_id": null,
            "resource_group_name": "rgDev",
            "rolling_upgrade_policy": [],
            "single_placement_group": true,
            "sku": [
              {
                "capacity": 2,
                "name": "Standard_DS1_v2",
                "tier": "Standard"
              }
            ],
            "storage_profile_data_disk": [
              {
                "caching": "ReadWrite",
                "create_option": "Empty",
                "disk_size_gb": 10,
                "lun": 0,
                "managed_disk_type": "Standard_LRS"
              }
            ],
            "storage_profile_image_reference": [
              {
                "id": "",
                "offer": "UbuntuServer",
                "publisher": "Canonical",
                "sku": "16.04-LTS",
                "version": "latest"
              }
            ],
            "storage_profile_os_disk": [
              {
                "caching": "ReadWrite",
                "create_option": "FromImage",
                "image": "",
                "managed_disk_type": "Standard_LRS",
                "name": "",
                "os_type": "",
                "vhd_containers": []
              }
            ],
            "tags": {
              "environment": "dev"
            },
            "timeouts": null,
            "upgrade_policy_mode": "Manual",
            "zones": null
          },
          "private": "eyJlMmJmYjczMC1lY2FhLTExZTYtOGY4OC0zNDM2M2JjN2M0YzAiOnsiY3JlYXRlIjozNjAwMDAwMDAwMDAwLCJkZWxldGUiOjM2MDAwMDAwMDAwMDAsInJlYWQiOjMwMDAwMDAwMDAwMCwidXBkYXRlIjozNjAwMDAwMDAwMDAwfSwic2NoZW1hX3ZlcnNpb24iOiIxIn0=",
          "dependencies": [
            "azurerm_lb.vmss",
            "azurerm_lb_backend_address_pool.bpepool",
            "azurerm_public_ip.vmss",
            "azurerm_resource_group.vmss",
            "azurerm_subnet.vmss",
            "azurerm_virtual_network.vmss",
            "random_string.fqdn"
          ]
        }
      ]
    },
    {
      "mode": "managed",
      "type": "azurerm_virtual_network",
      "name": "vmss",
      "provider": "provider[\"registry.terraform.io/hashicorp/azurerm\"]",
      "instances": [
        {
          "schema_version": 0,
          "attributes": {
            "address_space": [
              "10.0.0.0/16"
            ],
            "bgp_community": "",
            "ddos_protection_plan": [],
            "dns_servers": null,
            "guid": "c1754a83-77f5-404e-82ff-d61fdb618023",
            "id": "/subscriptions/95e910f9-7fcb-4fb8-90a1-d81f3d52cfa9/resourceGroups/rgDev/providers/Microsoft.Network/virtualNetworks/vmss-vnet",
            "location": "westus",
            "name": "vmss-vnet",
            "resource_group_name": "rgDev",
            "subnet": [],
            "tags": {
              "environment": "dev"
            },
            "timeouts": null,
            "vm_protection_enabled": false
          },
          "private": "eyJlMmJmYjczMC1lY2FhLTExZTYtOGY4OC0zNDM2M2JjN2M0YzAiOnsiY3JlYXRlIjoxODAwMDAwMDAwMDAwLCJkZWxldGUiOjE4MDAwMDAwMDAwMDAsInJlYWQiOjMwMDAwMDAwMDAwMCwidXBkYXRlIjoxODAwMDAwMDAwMDAwfX0=",
          "dependencies": [
            "azurerm_resource_group.vmss"
          ]
        }
      ]
    },
    {
      "mode": "managed",
      "type": "random_string",
      "name": "fqdn",
      "provider": "provider[\"registry.terraform.io/hashicorp/random\"]",
      "instances": [
        {
          "schema_version": 1,
          "attributes": {
            "id": "vkeeee",
            "keepers": null,
            "length": 6,
            "lower": true,
            "min_lower": 0,
            "min_numeric": 0,
            "min_special": 0,
            "min_upper": 0,
            "number": false,
            "override_special": null,
            "result": "vkeeee",
            "special": false,
            "upper": false
          },
          "private": "eyJzY2hlbWFfdmVyc2lvbiI6IjEifQ=="
        }
      ]
    }
  ]
}
